
Microsoft Visual Studio Solution File, Format Version 12.00
# Visual Studio 15
VisualStudioVersion = 15.0.27428.1
MinimumVisualStudioVersion = 10.0.40219.1
Project("{FAE04EC0-301F-11D3-BF4B-00C04F79EFBC}") = "ISS_Turfirm", "WindowsFormsApplication1\ISS_Turfirm.csproj", "{C7195FFF-2418-4B3D-BA72-51CF8946B38C}"
EndProject
Project("{FAE04EC0-301F-11D3-BF4B-00C04F79EFBC}") = "ISS_TurfirmTests1", "ISS_TurfirmTests1\ISS_TurfirmTests1.csproj", "{F0CCA068-EAAD-40E4-94E0-A9C386F24959}"
EndProject
Global
	GlobalSection(SolutionConfigurationPlatforms) = preSolution
		Debug|Any CPU = Debug|Any CPU
		Release|Any CPU = Release|Any CPU
	EndGlobalSection
	GlobalSection(ProjectConfigurationPlatforms) = postSolution
		{C7195FFF-2418-4B3D-BA72-51CF8946B38C}.Debug|Any CPU.ActiveCfg = Debug|Any CPU
		{C7195FFF-2418-4B3D-BA72-51CF8946B38C}.Debug|Any CPU.Build.0 = Debug|Any CPU
		{C7195FFF-2418-4B3D-BA72-51CF8946B38C}.Release|Any CPU.ActiveCfg = Release|Any CPU
		{C7195FFF-2418-4B3D-BA72-51CF8946B38C}.Release|Any CPU.Build.0 = Release|Any CPU
		{F0CCA068-EAAD-40E4-94E0-A9C386F24959}.Debug|Any CPU.ActiveCfg = Debug|Any CPU
		{F0CCA068-EAAD-40E4-94E0-A9C386F24959}.Debug|Any CPU.Build.0 = Debug|Any CPU
		{F0CCA068-EAAD-40E4-94E0-A9C386F24959}.Release|Any CPU.ActiveCfg = Release|Any CPU
		{F0CCA068-EAAD-40E4-94E0-A9C386F24959}.Release|Any CPU.Build.0 = Release|Any CPU
	EndGlobalSection
	GlobalSection(SolutionProperties) = preSolution
		HideSolutionNode = FALSE
	EndGlobalSection
	GlobalSection(ExtensibilityGlobals) = postSolution
		SolutionGuid = {DBFD33F1-E7DC-49C9-B8F7-39636C30B077}
	EndGlobalSection
EndGlobal
